
Microsoft Visual Studio Solution File, Format Version 12.00
# Visual Studio Version 16
VisualStudioVersion = 16.0.31515.178
MinimumVisualStudioVersion = 10.0.40219.1
Project("{FAE04EC0-301F-11D3-BF4B-00C04F79EFBC}") = "Squeleton", "Squeleton\Squeleton.csproj", "{A443E216-5DC8-4530-A347-981F1E523FA5}"
EndProject
Project("{FAE04EC0-301F-11D3-BF4B-00C04F79EFBC}") = "Squeleton.Tests", "Squeleton.Tests\Squeleton.Tests.csproj", "{6685E0EA-9EE3-4FDB-99A6-49F63D811353}"
EndProject
Global
	GlobalSection(SolutionConfigurationPlatforms) = preSolution
		Debug|Any CPU = Debug|Any CPU
		Release|Any CPU = Release|Any CPU
	EndGlobalSection
	GlobalSection(ProjectConfigurationPlatforms) = postSolution
		{A443E216-5DC8-4530-A347-981F1E523FA5}.Debug|Any CPU.ActiveCfg = Debug|Any CPU
		{A443E216-5DC8-4530-A347-981F1E523FA5}.Debug|Any CPU.Build.0 = Debug|Any CPU
		{A443E216-5DC8-4530-A347-981F1E523FA5}.Release|Any CPU.ActiveCfg = Release|Any CPU
		{A443E216-5DC8-4530-A347-981F1E523FA5}.Release|Any CPU.Build.0 = Release|Any CPU
		{6685E0EA-9EE3-4FDB-99A6-49F63D811353}.Debug|Any CPU.ActiveCfg = Debug|Any CPU
		{6685E0EA-9EE3-4FDB-99A6-49F63D811353}.Debug|Any CPU.Build.0 = Debug|Any CPU
		{6685E0EA-9EE3-4FDB-99A6-49F63D811353}.Release|Any CPU.ActiveCfg = Release|Any CPU
		{6685E0EA-9EE3-4FDB-99A6-49F63D811353}.Release|Any CPU.Build.0 = Release|Any CPU
	EndGlobalSection
	GlobalSection(SolutionProperties) = preSolution
		HideSolutionNode = FALSE
	EndGlobalSection
	GlobalSection(ExtensibilityGlobals) = postSolution
		SolutionGuid = {B5BCA577-7A22-46E0-A76E-49A8E26EB319}
	EndGlobalSection
EndGlobal
